
Microsoft Visual Studio Solution File, Format Version 12.00
# Visual Studio 15
VisualStudioVersion = 15.0.28307.1145
MinimumVisualStudioVersion = 10.0.40219.1
Project("{FAE04EC0-301F-11D3-BF4B-00C04F79EFBC}") = "LoanOFFER.Web", "LoanOFFER.Web\LoanOFFER.Web.csproj", "{B79CCB2A-85A7-498E-8A52-94A2DFB3CB9E}"
EndProject
Project("{FAE04EC0-301F-11D3-BF4B-00C04F79EFBC}") = "LoanOFFER.Data", "LoanOFFER.Data\LoanOFFER.Data.csproj", "{CA29DA71-D955-4944-B6BE-B54558574308}"
EndProject
Global
	GlobalSection(SolutionConfigurationPlatforms) = preSolution
		Debug|Any CPU = Debug|Any CPU
		Release|Any CPU = Release|Any CPU
	EndGlobalSection
	GlobalSection(ProjectConfigurationPlatforms) = postSolution
		{B79CCB2A-85A7-498E-8A52-94A2DFB3CB9E}.Debug|Any CPU.ActiveCfg = Debug|Any CPU
		{B79CCB2A-85A7-498E-8A52-94A2DFB3CB9E}.Debug|Any CPU.Build.0 = Debug|Any CPU
		{B79CCB2A-85A7-498E-8A52-94A2DFB3CB9E}.Release|Any CPU.ActiveCfg = Release|Any CPU
		{B79CCB2A-85A7-498E-8A52-94A2DFB3CB9E}.Release|Any CPU.Build.0 = Release|Any CPU
		{CA29DA71-D955-4944-B6BE-B54558574308}.Debug|Any CPU.ActiveCfg = Debug|Any CPU
		{CA29DA71-D955-4944-B6BE-B54558574308}.Debug|Any CPU.Build.0 = Debug|Any CPU
		{CA29DA71-D955-4944-B6BE-B54558574308}.Release|Any CPU.ActiveCfg = Release|Any CPU
		{CA29DA71-D955-4944-B6BE-B54558574308}.Release|Any CPU.Build.0 = Release|Any CPU
	EndGlobalSection
	GlobalSection(SolutionProperties) = preSolution
		HideSolutionNode = FALSE
	EndGlobalSection
	GlobalSection(ExtensibilityGlobals) = postSolution
		SolutionGuid = {CC1A8E83-93D2-4951-890D-033A6E8FAC9F}
	EndGlobalSection
EndGlobal
